<?xml version="1.0" encoding="UTF-8" standalone="yes" ?>
<CodeBlocks_project_file>
	<FileVersion major="1" minor="6" />
	<Project>
		<Option title="Nomina" />
		<Option pch_mode="2" />
		<Option compiler="gcc" />
		<Build>
			<Target title="Debug">
				<Option output="bin/Debug/Nomina" prefix_auto="1" extension_auto="1" />
				<Option object_output="obj/Debug/" />
				<Option type="1" />
				<Option compiler="gcc" />
				<Compiler>
					<Add option="-g" />
					<Add directory="../Nomina" />
					<Add directory="include" />
				</Compiler>
			</Target>
			<Target title="Release">
				<Option output="bin/Release/Nomina" prefix_auto="1" extension_auto="1" />
				<Option object_output="obj/Release/" />
				<Option type="1" />
				<Option compiler="gcc" />
				<Compiler>
					<Add option="-O2" />
					<Add directory="../Nomina" />
					<Add directory="include" />
				</Compiler>
				<Linker>
					<Add option="-s" />
				</Linker>
			</Target>
		</Build>
		<Compiler>
			<Add option="-Wall" />
			<Add option="-fexceptions" />
		</Compiler>
		<Unit filename="ClsmenuMantenimientos.cpp" />
		<Unit filename="ClsmenuMantenimientos.h" />
		<Unit filename="include/ClsBancos.h" />
		<Unit filename="include/ClsConceptos.h" />
		<Unit filename="include/ClsEmpresa.h" />
		<Unit filename="include/ClsPuestos.h" />
		<Unit filename="include/ClsReporte.h" />
		<Unit filename="include/Clsdepartamentos.h" />
		<Unit filename="include/Clsempleados.h" />
		<Unit filename="include/Clsencabezado.h" />
		<Unit filename="include/Clsnomina.h" />
		<Unit filename="main.cpp" />
		<Unit filename="src/ClsBancos.cpp" />
		<Unit filename="src/ClsConceptos.cpp" />
		<Unit filename="src/ClsEmpresa.cpp" />
		<Unit filename="src/ClsPuestos.cpp" />
		<Unit filename="src/ClsReporte.cpp" />
		<Unit filename="src/Clsdepartamentos.cpp" />
		<Unit filename="src/Clsempleados.cpp" />
		<Unit filename="src/Clsencabezado.cpp" />
		<Unit filename="src/Clsnomina.cpp" />
		<Extensions />
	</Project>
</CodeBlocks_project_file>
