<?xml version="1.0" encoding="UTF-8" standalone="yes" ?>
<CodeBlocks_project_file>
	<FileVersion major="1" minor="6" />
	<Project>
		<Option title="proyecto final" />
		<Option pch_mode="2" />
		<Option compiler="gcc" />
		<Build>
			<Target title="Debug">
				<Option output="bin/Debug/proyecto final" prefix_auto="1" extension_auto="1" />
				<Option object_output="obj/Debug/" />
				<Option type="1" />
				<Option compiler="gcc" />
				<Compiler>
					<Add option="-g" />
				</Compiler>
			</Target>
			<Target title="Release">
				<Option output="bin/Release/proyecto final" prefix_auto="1" extension_auto="1" />
				<Option object_output="obj/Release/" />
				<Option type="1" />
				<Option compiler="gcc" />
				<Compiler>
					<Add option="-O2" />
				</Compiler>
				<Linker>
					<Add option="-s" />
				</Linker>
			</Target>
		</Build>
		<Compiler>
			<Add option="-Wall" />
		</Compiler>
		<Unit filename="MenuINI.h" />
		<Unit filename="Puestos.h" />
		<Unit filename="bitacora.h" />
		<Unit filename="existeUsuario.h" />
		<Unit filename="gotoxy.h" />
		<Unit filename="hora.h" />
		<Unit filename="insertarUsuario.h" />
		<Unit filename="leerClave.h" />
		<Unit filename="leerLinea.h" />
		<Unit filename="loguear.h" />
		<Unit filename="menuIniciarSesion.h" />
		<Unit filename="menuListarUsuarios.h" />
		<Unit filename="menuRegistrarUsuario.h" />
		<Unit filename="menuSistema.h" />
		<Unit filename="niveldeestudio.h" />
		<Unit filename="obtenerUsuarios.h" />
		<Unit filename="persona.h" />
		<Unit filename="proyecto.cpp" />
		<Unit filename="sueldos.h" />
		<Extensions />
	</Project>
</CodeBlocks_project_file>
